// !$*UTF8*$!
{
	archiveVersion = 1;
	classes = {
	};
	objectVersion = 46;
	objects = {

/* Begin PBXBuildFile section */
		03C693961E1D27DA00A62069 /* ImagePreviewVC.swift in Sources */ = {isa = PBXBuildFile; fileRef = 03C693951E1D27DA00A62069 /* ImagePreviewVC.swift */; };
		03C79ADA1E1CBAA6003A49F2 /* ListVC.swift in Sources */ = {isa = PBXBuildFile; fileRef = 03C79AD91E1CBAA6003A49F2 /* ListVC.swift */; };
		03C79ADE1E1CD11A003A49F2 /* DetailVC.swift in Sources */ = {isa = PBXBuildFile; fileRef = 03C79ADD1E1CD11A003A49F2 /* DetailVC.swift */; };
		03C79AE01E1D0412003A49F2 /* ListCell.swift in Sources */ = {isa = PBXBuildFile; fileRef = 03C79ADF1E1D0412003A49F2 /* ListCell.swift */; };
		03DD4CE21E1BBBE400DA5934 /* AppDelegate.swift in Sources */ = {isa = PBXBuildFile; fileRef = 03DD4CE11E1BBBE400DA5934 /* AppDelegate.swift */; };
		03DD4CE71E1BBBE400DA5934 /* Main.storyboard in Resources */ = {isa = PBXBuildFile; fileRef = 03DD4CE51E1BBBE400DA5934 /* Main.storyboard */; };
		03DD4CE91E1BBBE400DA5934 /* Assets.xcassets in Resources */ = {isa = PBXBuildFile; fileRef = 03DD4CE81E1BBBE400DA5934 /* Assets.xcassets */; };
		03DD4CEC1E1BBBE400DA5934 /* LaunchScreen.storyboard in Resources */ = {isa = PBXBuildFile; fileRef = 03DD4CEA1E1BBBE400DA5934 /* LaunchScreen.storyboard */; };
/* End PBXBuildFile section */

/* Begin PBXFileReference section */
		03C693951E1D27DA00A62069 /* ImagePreviewVC.swift */ = {isa = PBXFileReference; fileEncoding = 4; lastKnownFileType = sourcecode.swift; path = ImagePreviewVC.swift; sourceTree = "<group>"; };
		03C79AD91E1CBAA6003A49F2 /* ListVC.swift */ = {isa = PBXFileReference; fileEncoding = 4; lastKnownFileType = sourcecode.swift; path = ListVC.swift; sourceTree = "<group>"; };
		03C79ADD1E1CD11A003A49F2 /* DetailVC.swift */ = {isa = PBXFileReference; fileEncoding = 4; lastKnownFileType = sourcecode.swift; path = DetailVC.swift; sourceTree = "<group>"; };
		03C79ADF1E1D0412003A49F2 /* ListCell.swift */ = {isa = PBXFileReference; fileEncoding = 4; lastKnownFileType = sourcecode.swift; path = ListCell.swift; sourceTree = "<group>"; };
		03DD4CDE1E1BBBE400DA5934 /* PeekPop3DTouch.app */ = {isa = PBXFileReference; explicitFileType = wrapper.application; includeInIndex = 0; path = PeekPop3DTouch.app; sourceTree = BUILT_PRODUCTS_DIR; };
		03DD4CE11E1BBBE400DA5934 /* AppDelegate.swift */ = {isa = PBXFileReference; lastKnownFileType = sourcecode.swift; path = AppDelegate.swift; sourceTree = "<group>"; };
		03DD4CE61E1BBBE400DA5934 /* Base */ = {isa = PBXFileReference; lastKnownFileType = file.storyboard; name = Base; path = Base.lproj/Main.storyboard; sourceTree = "<group>"; };
		03DD4CE81E1BBBE400DA5934 /* Assets.xcassets */ = {isa = PBXFileReference; lastKnownFileType = folder.assetcatalog; path = Assets.xcassets; sourceTree = "<group>"; };
		03DD4CEB1E1BBBE400DA5934 /* Base */ = {isa = PBXFileReference; lastKnownFileType = file.storyboard; name = Base; path = Base.lproj/LaunchScreen.storyboard; sourceTree = "<group>"; };
		03DD4CED1E1BBBE400DA5934 /* Info.plist */ = {isa = PBXFileReference; lastKnownFileType = text.plist.xml; path = Info.plist; sourceTree = "<group>"; };
/* End PBXFileReference section */

/* Begin PBXFrameworksBuildPhase section */
		03DD4CDB1E1BBBE400DA5934 /* Frameworks */ = {
			isa = PBXFrameworksBuildPhase;
			buildActionMask = 2147483647;
			files = (
			);
			runOnlyForDeploymentPostprocessing = 0;
		};
/* End PBXFrameworksBuildPhase section */

/* Begin PBXGroup section */
		03DD4CD51E1BBBE400DA5934 = {
			isa = PBXGroup;
			children = (
				03DD4CE01E1BBBE400DA5934 /* PeekPop3DTouch */,
				03DD4CDF1E1BBBE400DA5934 /* Products */,
			);
			sourceTree = "<group>";
		};
		03DD4CDF1E1BBBE400DA5934 /* Products */ = {
			isa = PBXGroup;
			children = (
				03DD4CDE1E1BBBE400DA5934 /* PeekPop3DTouch.app */,
			);
			name = Products;
			sourceTree = "<group>";
		};
		03DD4CE01E1BBBE400DA5934 /* PeekPop3DTouch */ = {
			isa = PBXGroup;
			children = (
				03DD4CE11E1BBBE400DA5934 /* AppDelegate.swift */,
				03C79AD91E1CBAA6003A49F2 /* ListVC.swift */,
				03C79ADF1E1D0412003A49F2 /* ListCell.swift */,
				03C79ADD1E1CD11A003A49F2 /* DetailVC.swift */,
				03C693951E1D27DA00A62069 /* ImagePreviewVC.swift */,
				03DD4CE51E1BBBE400DA5934 /* Main.storyboard */,
				03DD4CE81E1BBBE400DA5934 /* Assets.xcassets */,
				03DD4CEA1E1BBBE400DA5934 /* LaunchScreen.storyboard */,
				03DD4CED1E1BBBE400DA5934 /* Info.plist */,
			);
			path = PeekPop3DTouch;
			sourceTree = "<group>";
		};
/* End PBXGroup section */

/* Begin PBXNativeTarget section */
		03DD4CDD1E1BBBE400DA5934 /* PeekPop3DTouch */ = {
			isa = PBXNativeTarget;
			buildConfigurationList = 03DD4CF01E1BBBE400DA5934 /* Build configuration list for PBXNativeTarget "PeekPop3DTouch" */;
			buildPhases = (
				03DD4CDA1E1BBBE400DA5934 /* Sources */,
				03DD4CDB1E1BBBE400DA5934 /* Frameworks */,
				03DD4CDC1E1BBBE400DA5934 /* Resources */,
			);
			buildRules = (
			);
			dependencies = (
			);
			name = PeekPop3DTouch;
			productName = PeekPop3DTouch;
			productReference = 03DD4CDE1E1BBBE400DA5934 /* PeekPop3DTouch.app */;
			productType = "com.apple.product-type.application";
		};
/* End PBXNativeTarget section */

/* Begin PBXProject section */
		03DD4CD61E1BBBE400DA5934 /* Project object */ = {
			isa = PBXProject;
			attributes = {
				LastSwiftUpdateCheck = 0810;
				LastUpgradeCheck = 0810;
				ORGANIZATIONNAME = "Yudiz Solutions Pvt.Ltd.";
				TargetAttributes = {
					03DD4CDD1E1BBBE400DA5934 = {
						CreatedOnToolsVersion = 8.1;
						DevelopmentTeam = 5GL3E4GW7P;
						ProvisioningStyle = Automatic;
					};
				};
			};
			buildConfigurationList = 03DD4CD91E1BBBE400DA5934 /* Build configuration list for PBXProject "PeekPop3DTouch" */;
			compatibilityVersion = "Xcode 3.2";
			developmentRegion = English;
			hasScannedForEncodings = 0;
			knownRegions = (
				en,
				Base,
			);
			mainGroup = 03DD4CD51E1BBBE400DA5934;
			productRefGroup = 03DD4CDF1E1BBBE400DA5934 /* Products */;
			projectDirPath = "";
			projectRoot = "";
			targets = (
				03DD4CDD1E1BBBE400DA5934 /* PeekPop3DTouch */,
			);
		};
/* End PBXProject section */

/* Begin PBXResourcesBuildPhase section */
		03DD4CDC1E1BBBE400DA5934 /* Resources */ = {
			isa = PBXResourcesBuildPhase;
			buildActionMask = 2147483647;
			files = (
				03DD4CEC1E1BBBE400DA5934 /* LaunchScreen.storyboard in Resources */,
				03DD4CE91E1BBBE400DA5934 /* Assets.xcassets in Resources */,
				03DD4CE71E1BBBE400DA5934 /* Main.storyboard in Resources */,
			);
			runOnlyForDeploymentPostprocessing = 0;
		};
/* End PBXResourcesBuildPhase section */

/* Begin PBXSourcesBuildPhase section */
		03DD4CDA1E1BBBE400DA5934 /* Sources */ = {
			isa = PBXSourcesBuildPhase;
			buildActionMask = 2147483647;
			files = (
				03C693961E1D27DA00A62069 /* ImagePreviewVC.swift in Sources */,
				03C79ADE1E1CD11A003A49F2 /* DetailVC.swift in Sources */,
				03C79ADA1E1CBAA6003A49F2 /* ListVC.swift in Sources */,
				03C79AE01E1D0412003A49F2 /* ListCell.swift in Sources */,
				03DD4CE21E1BBBE400DA5934 /* AppDelegate.swift in Sources */,
			);
			runOnlyForDeploymentPostprocessing = 0;
		};
/* End PBXSourcesBuildPhase section */

/* Begin PBXVariantGroup section */
		03DD4CE51E1BBBE400DA5934 /* Main.storyboard */ = {
			isa = PBXVariantGroup;
			children = (
				03DD4CE61E1BBBE400DA5934 /* Base */,
			);
			name = Main.storyboard;
			sourceTree = "<group>";
		};
		03DD4CEA1E1BBBE400DA5934 /* LaunchScreen.storyboard */ = {
			isa = PBXVariantGroup;
			children = (
				03DD4CEB1E1BBBE400DA5934 /* Base */,
			);
			name = LaunchScreen.storyboard;
			sourceTree = "<group>";
		};
/* End PBXVariantGroup section */

/* Begin XCBuildConfiguration section */
		03DD4CEE1E1BBBE400DA5934 /* Debug */ = {
			isa = XCBuildConfiguration;
			buildSettings = {
				ALWAYS_SEARCH_USER_PATHS = NO;
				CLANG_ANALYZER_NONNULL = YES;
				CLANG_CXX_LANGUAGE_STANDARD = "gnu++0x";
				CLANG_CXX_LIBRARY = "libc++";
				CLANG_ENABLE_MODULES = YES;
				CLANG_ENABLE_OBJC_ARC = YES;
				CLANG_WARN_BOOL_CONVERSION = YES;
				CLANG_WARN_CONSTANT_CONVERSION = YES;
				CLANG_WARN_DIRECT_OBJC_ISA_USAGE = YES_ERROR;
				CLANG_WARN_DOCUMENTATION_COMMENTS = YES;
				CLANG_WARN_EMPTY_BODY = YES;
				CLANG_WARN_ENUM_CONVERSION = YES;
				CLANG_WARN_INFINITE_RECURSION = YES;
				CLANG_WARN_INT_CONVERSION = YES;
				CLANG_WARN_OBJC_ROOT_CLASS = YES_ERROR;
				CLANG_WARN_SUSPICIOUS_MOVES = YES;
				CLANG_WARN_UNREACHABLE_CODE = YES;
				CLANG_WARN__DUPLICATE_METHOD_MATCH = YES;
				"CODE_SIGN_IDENTITY[sdk=iphoneos*]" = "iPhone Developer";
				COPY_PHASE_STRIP = NO;
				DEBUG_INFORMATION_FORMAT = dwarf;
				ENABLE_STRICT_OBJC_MSGSEND = YES;
				ENABLE_TESTABILITY = YES;
				GCC_C_LANGUAGE_STANDARD = gnu99;
				GCC_DYNAMIC_NO_PIC = NO;
				GCC_NO_COMMON_BLOCKS = YES;
				GCC_OPTIMIZATION_LEVEL = 0;
				GCC_PREPROCESSOR_DEFINITIONS = (
					"DEBUG=1",
					"$(inherited)",
				);
				GCC_WARN_64_TO_32_BIT_CONVERSION = YES;
				GCC_WARN_ABOUT_RETURN_TYPE = YES_ERROR;
				GCC_WARN_UNDECLARED_SELECTOR = YES;
				GCC_WARN_UNINITIALIZED_AUTOS = YES_AGGRESSIVE;
				GCC_WARN_UNUSED_FUNCTION = YES;
				GCC_WARN_UNUSED_VARIABLE = YES;
				IPHONEOS_DEPLOYMENT_TARGET = 10.1;
				MTL_ENABLE_DEBUG_INFO = YES;
				ONLY_ACTIVE_ARCH = YES;
				SDKROOT = iphoneos;
				SWIFT_ACTIVE_COMPILATION_CONDITIONS = DEBUG;
				SWIFT_OPTIMIZATION_LEVEL = "-Onone";
				TARGETED_DEVICE_FAMILY = "1,2";
			};
			name = Debug;
		};
		03DD4CEF1E1BBBE400DA5934 /* Release */ = {
			isa = XCBuildConfiguration;
			buildSettings = {
				ALWAYS_SEARCH_USER_PATHS = NO;
				CLANG_ANALYZER_NONNULL = YES;
				CLANG_CXX_LANGUAGE_STANDARD = "gnu++0x";
				CLANG_CXX_LIBRARY = "libc++";
				CLANG_ENABLE_MODULES = YES;
				CLANG_ENABLE_OBJC_ARC = YES;
				CLANG_WARN_BOOL_CONVERSION = YES;
				CLANG_WARN_CONSTANT_CONVERSION = YES;
				CLANG_WARN_DIRECT_OBJC_ISA_USAGE = YES_ERROR;
				CLANG_WARN_DOCUMENTATION_COMMENTS = YES;
				CLANG_WARN_EMPTY_BODY = YES;
				CLANG_WARN_ENUM_CONVERSION = YES;
				CLANG_WARN_INFINITE_RECURSION = YES;
				CLANG_WARN_INT_CONVERSION = YES;
				CLANG_WARN_OBJC_ROOT_CLASS = YES_ERROR;
				CLANG_WARN_SUSPICIOUS_MOVES = YES;
				CLANG_WARN_UNREACHABLE_CODE = YES;
				CLANG_WARN__DUPLICATE_METHOD_MATCH = YES;
				"CODE_SIGN_IDENTITY[sdk=iphoneos*]" = "iPhone Developer";
				COPY_PHASE_STRIP = NO;
				DEBUG_INFORMATION_FORMAT = "dwarf-with-dsym";
				ENABLE_NS_ASSERTIONS = NO;
				ENABLE_STRICT_OBJC_MSGSEND = YES;
				GCC_C_LANGUAGE_STANDARD = gnu99;
				GCC_NO_COMMON_BLOCKS = YES;
				GCC_WARN_64_TO_32_BIT_CONVERSION = YES;
				GCC_WARN_ABOUT_RETURN_TYPE = YES_ERROR;
				GCC_WARN_UNDECLARED_SELECTOR = YES;
				GCC_WARN_UNINITIALIZED_AUTOS = YES_AGGRESSIVE;
				GCC_WARN_UNUSED_FUNCTION = YES;
				GCC_WARN_UNUSED_VARIABLE = YES;
				IPHONEOS_DEPLOYMENT_TARGET = 10.1;
				MTL_ENABLE_DEBUG_INFO = NO;
				SDKROOT = iphoneos;
				SWIFT_OPTIMIZATION_LEVEL = "-Owholemodule";
				TARGETED_DEVICE_FAMILY = "1,2";
				VALIDATE_PRODUCT = YES;
			};
			name = Release;
		};
		03DD4CF11E1BBBE400DA5934 /* Debug */ = {
			isa = XCBuildConfiguration;
			buildSettings = {
				ASSETCATALOG_COMPILER_APPICON_NAME = AppIcon;
				DEVELOPMENT_TEAM = 5GL3E4GW7P;
				INFOPLIST_FILE = PeekPop3DTouch/Info.plist;
				IPHONEOS_DEPLOYMENT_TARGET = 9.1;
				LD_RUNPATH_SEARCH_PATHS = "$(inherited) @executable_path/Frameworks";
				PRODUCT_BUNDLE_IDENTIFIER = Yudiz.PeekPop3DTouch;
				PRODUCT_NAME = "$(TARGET_NAME)";
				SWIFT_VERSION = 3.0;
				TARGETED_DEVICE_FAMILY = 1;
			};
			name = Debug;
		};
		03DD4CF21E1BBBE400DA5934 /* Release */ = {
			isa = XCBuildConfiguration;
			buildSettings = {
				ASSETCATALOG_COMPILER_APPICON_NAME = AppIcon;
				DEVELOPMENT_TEAM = 5GL3E4GW7P;
				INFOPLIST_FILE = PeekPop3DTouch/Info.plist;
				IPHONEOS_DEPLOYMENT_TARGET = 9.1;
				LD_RUNPATH_SEARCH_PATHS = "$(inherited) @executable_path/Frameworks";
				PRODUCT_BUNDLE_IDENTIFIER = Yudiz.PeekPop3DTouch;
				PRODUCT_NAME = "$(TARGET_NAME)";
				SWIFT_VERSION = 3.0;
				TARGETED_DEVICE_FAMILY = 1;
			};
			name = Release;
		};
/* End XCBuildConfiguration section */

/* Begin XCConfigurationList section */
		03DD4CD91E1BBBE400DA5934 /* Build configuration list for PBXProject "PeekPop3DTouch" */ = {
			isa = XCConfigurationList;
			buildConfigurations = (
				03DD4CEE1E1BBBE400DA5934 /* Debug */,
				03DD4CEF1E1BBBE400DA5934 /* Release */,
			);
			defaultConfigurationIsVisible = 0;
			defaultConfigurationName = Release;
		};
		03DD4CF01E1BBBE400DA5934 /* Build configuration list for PBXNativeTarget "PeekPop3DTouch" */ = {
			isa = XCConfigurationList;
			buildConfigurations = (
				03DD4CF11E1BBBE400DA5934 /* Debug */,
				03DD4CF21E1BBBE400DA5934 /* Release */,
			);
			defaultConfigurationIsVisible = 0;
			defaultConfigurationName = Release;
		};
/* End XCConfigurationList section */
	};
	rootObject = 03DD4CD61E1BBBE400DA5934 /* Project object */;
}
